# THIS IS AN AUTOGENERATED FILE. DO NOT EDIT THIS FILE DIRECTLY.
# yarn lockfile v1


"@hyperswarm/secret-stream@^6.0.0":
  version "6.2.0"
  resolved "https://registry.yarnpkg.com/@hyperswarm/secret-stream/-/secret-stream-6.2.0.tgz#954f1c3de854ae36640f3f28186ab37e231f4546"
  integrity sha512-eBoHJaw8KUNR1Zj8HzrlvZ+/RzSFXkZFBBovzgkso93D3DEVHrfP4ddhwbq7HQI8l5YnRYm4Obj+IsdX1PiT5w==
  dependencies:
    b4a "^1.1.0"
    hypercore-crypto "^3.3.1"
    noise-curve-ed "^2.0.1"
    noise-handshake "^3.0.2"
    sodium-secretstream "^1.1.0"
    sodium-universal "^4.0.0"
    streamx "^2.14.0"
    timeout-refresh "^2.0.0"

"@omegajs/crypto@^1.0.0":
  version "1.0.0"
  resolved "https://registry.yarnpkg.com/@omegajs/crypto/-/crypto-1.0.0.tgz#0ae926dbb831fd1ab99916fa50e4cb83bc7e6c37"
  integrity sha512-m5SxjiU9z+SA4sUjQjDu077zCcXH4WUnizXKJdeFFahSjDoZIFgevKyzqhYTejnPnnmAH5Yd0xehZ/zVEh6IoQ==
  dependencies:
    b4a "^1.1.0"
    compact-encoding "^2.5.1"
    sodium-universal "^4.0.0"

"@omegajs/flock-secret-stream@^1.0.0":
  version "1.0.0"
  resolved "https://registry.yarnpkg.com/@omegajs/flock-secret-stream/-/flock-secret-stream-1.0.0.tgz#0aab509d4a8a125a18ee5d3a139717cd3fc3305e"
  integrity sha512-3MWS24f7oONCy5lMRr6FEllXRL4YH6RxO6TQrpz8/TRepcbaabuhojVLxHSFDrXsaWbCfQly7HKkmxf3Ni21EA==
  dependencies:
    "@omegajs/crypto" "^1.0.0"
    b4a "^1.1.0"
    noise-curve-ed "^2.0.1"
    noise-handshake "^3.0.2"
    sodium-secretstream "^1.1.0"
    sodium-universal "^4.0.0"
    streamx "^2.14.0"
    timeout-refresh "^2.0.0"

"@omegajs/gateway@^1.0.0":
  version "1.0.1"
  resolved "https://registry.yarnpkg.com/@omegajs/gateway/-/gateway-1.0.1.tgz#ba7d196d615bc0c453368549d8a34d9228b1d4ca"
  integrity sha512-UV5Jq2IYnpqUKEpYlTfotd8cVarXSsDWYBMEuD1WO5cGnGFD4yQ6VU7wTMVhSThpOUOarKlwSKcXYJid663nzA==
  dependencies:
    "@omegajs/crypto" "^1.0.0"
    "@omegajs/flock-secret-stream" "^1.0.0"
    b4a "^1.3.1"
    blind-relay "^1.3.0"
    bogon "^1.0.0"
    compact-encoding "^2.4.1"
    compact-encoding-net "^1.0.1"
    debugging-stream "^2.0.0"
    dht-rpc "^6.9.0"
    events "^3.3.0"
    noise-curve-ed "^2.0.0"
    noise-handshake "^3.0.0"
    record-cache "^1.1.1"
    safety-catch "^1.0.1"
    signal-promise "^1.0.3"
    sodium-universal "^4.0.0"
    xache "^1.1.0"

"@omegajs/protomux@^1.0.0":
  version "1.0.0"
  resolved "https://registry.yarnpkg.com/@omegajs/protomux/-/protomux-1.0.0.tgz#9ba62df148f327dee8bbb61f7fb8277f1e79ba11"
  integrity sha512-sQim57yisEeExIhsK7WDb3iol5EwQGZLGS7w/3kN9/jeVnUejehQ4KHIAhum4BZ2ZTk+X2baqTpugnJ9C6isCw==
  dependencies:
    b4a "^1.3.1"
    compact-encoding "^2.5.1"
    queue-tick "^1.0.0"
    safety-catch "^1.0.1"

b4a@^1.0.1, b4a@^1.1.0, b4a@^1.1.1, b4a@^1.1.4, b4a@^1.3.0, b4a@^1.3.1, b4a@^1.5.0, b4a@^1.6.1, b4a@^1.6.4:
  version "1.6.6"
  resolved "https://registry.yarnpkg.com/b4a/-/b4a-1.6.6.tgz#a4cc349a3851987c3c4ac2d7785c18744f6da9ba"
  integrity sha512-5Tk1HLk6b6ctmjIkAcU/Ujv/1WqiDl0F0JdRCR80VsOcUlHcu7pWeWRlOqQLHfDEsVx9YH/aif5AG4ehoCtTmg==

"bitdht@git+https://lab.l1fe.tech/omega/dht-relay":
  version "1.0.0"
  resolved "git+https://lab.l1fe.tech/omega/dht-relay#141211b827581b38619b4f4d76e625cf1c24dce1"
  dependencies:
    "@omegajs/flock-secret-stream" "^1.0.0"
    "@omegajs/gateway" "^1.0.0"
    "@omegajs/protomux" "^1.0.0"
    b4a "^1.1.4"
    compact-encoding "^2.6.1"
    compact-encoding-net "^1.0.1"
    events "^3.3.0"
    graceful-goodbye "^1.2.1"
    noise-handshake "^3.0.3"
    safety-catch "^1.0.1"
    sodium-universal "^4.0.0"
    streamx "^2.11.3"
    timeout-refresh "^2.0.1"
    ws "^8.12.1"

bits-to-bytes@^1.3.0:
  version "1.3.0"
  resolved "https://registry.yarnpkg.com/bits-to-bytes/-/bits-to-bytes-1.3.0.tgz#b6b0b547ff5747b0609a42e31a0b57212f09f4e7"
  integrity sha512-OJoHTpFXS9bXHBCekGTByf3MqM8CGblBDIduKQeeVVeiU9dDWywSSirXIBYGgg3d1zbVuvnMa1vD4r6PA0kOKg==
  dependencies:
    b4a "^1.5.0"

blake2b-wasm@^2.4.0:
  version "2.4.0"
  resolved "https://registry.yarnpkg.com/blake2b-wasm/-/blake2b-wasm-2.4.0.tgz#9115649111edbbd87eb24ce7c04b427e4e2be5be"
  integrity sha512-S1kwmW2ZhZFFFOghcx73+ZajEfKBqhP82JMssxtLVMxlaPea1p9uoLiUZ5WYyHn0KddwbLc+0vh4wR0KBNoT5w==
  dependencies:
    b4a "^1.0.1"
    nanoassert "^2.0.0"

blake2b@^2.1.1:
  version "2.1.4"
  resolved "https://registry.yarnpkg.com/blake2b/-/blake2b-2.1.4.tgz#817d278526ddb4cd673bfb1af16d1ad61e393ba3"
  integrity sha512-AyBuuJNI64gIvwx13qiICz6H6hpmjvYS5DGkG6jbXMOT8Z3WUJ3V1X0FlhIoT1b/5JtHE3ki+xjtMvu1nn+t9A==
  dependencies:
    blake2b-wasm "^2.4.0"
    nanoassert "^2.0.0"

blind-relay@^1.3.0:
  version "1.3.1"
  resolved "https://registry.yarnpkg.com/blind-relay/-/blind-relay-1.3.1.tgz#d046c749d45e60760a3bcfeec13670c15260db0b"
  integrity sha512-GNOCAQG76WvN8e1k4C8UyQgfpSl8h2NiUgr6aFQJY/WKISvsU1flG0o3TJoUGn5K9uvtbEUtdulgikS1aYKbAQ==
  dependencies:
    b4a "^1.6.4"
    bits-to-bytes "^1.3.0"
    compact-encoding "^2.12.0"
    compact-encoding-bitfield "^1.0.0"
    protomux "^3.5.1"
    sodium-universal "^4.0.0"
    streamx "^2.15.1"

bogon@^1.0.0:
  version "1.1.0"
  resolved "https://registry.yarnpkg.com/bogon/-/bogon-1.1.0.tgz#14234260353d8f806c3a307202f66698f635d18b"
  integrity sha512-a6SnToksXHuUlgeMvI/txWmTcKz7c7iBa8f0HbXL4toN1Uza/CTQ4F7n9jSDX49TCpxv3KUP100q4sZfwLyLiw==
  dependencies:
    compact-encoding "^2.11.0"
    compact-encoding-net "^1.2.0"

chacha20-universal@^1.0.4:
  version "1.0.4"
  resolved "https://registry.yarnpkg.com/chacha20-universal/-/chacha20-universal-1.0.4.tgz#e8a33a386500b1ce5361b811ec5e81f1797883f5"
  integrity sha512-/IOxdWWNa7nRabfe7+oF+jVkGjlr2xUL4J8l/OvzZhj+c9RpMqoo3Dq+5nU1j/BflRV4BKnaQ4+4oH1yBpQG1Q==
  dependencies:
    nanoassert "^2.0.0"

compact-encoding-bitfield@^1.0.0:
  version "1.0.0"
  resolved "https://registry.yarnpkg.com/compact-encoding-bitfield/-/compact-encoding-bitfield-1.0.0.tgz#39f923263dffb68b266b6cb9dc0bae2d42cf5c4a"
  integrity sha512-3nMVKUg+PF72UHfainmCL8uKvyWfxsjqOtUY+HiMPGLPCTjnwzoKfFAMo1Ad7nwTPdjBqtGK5b3BOFTFW4EBTg==
  dependencies:
    compact-encoding "^2.4.1"

compact-encoding-net@^1.0.1, compact-encoding-net@^1.2.0:
  version "1.2.0"
  resolved "https://registry.yarnpkg.com/compact-encoding-net/-/compact-encoding-net-1.2.0.tgz#19d2efd55df10f2ee793576fc4483bf6d2218743"
  integrity sha512-LVXpNpF7PGQeHRVVLGgYWzuVoYAaDZvKUsUxRioGfkotzvOh4AzoQF1HBH3zMNaSnx7gJXuUr3hkjnijaH/Eng==
  dependencies:
    compact-encoding "^2.4.1"

compact-encoding@^2.11.0, compact-encoding@^2.12.0, compact-encoding@^2.4.1, compact-encoding@^2.5.1, compact-encoding@^2.6.1:
  version "2.13.0"
  resolved "https://registry.yarnpkg.com/compact-encoding/-/compact-encoding-2.13.0.tgz#7b4b24d47e9e46a1a77d17aa1922af1202d50f12"
  integrity sha512-Hnj8TW6tydYBhhc0dnNq3DsUTcOeiiCyqrZOp5Hwwu7GuCHnEl58YRsHy20DbsdPSqzlODqgXvTnJGY768gVKw==
  dependencies:
    b4a "^1.3.0"

"crypto@git+https://lab.l1fe.tech/omega/crypto":
  version "1.0.0"
  resolved "git+https://lab.l1fe.tech/omega/crypto#8dd0a986be449423f655b71aae54959a57e9e247"
  dependencies:
    b4a "^1.1.0"
    compact-encoding "^2.5.1"
    sodium-universal "^4.0.0"

debugging-stream@^2.0.0:
  version "2.0.0"
  resolved "https://registry.yarnpkg.com/debugging-stream/-/debugging-stream-2.0.0.tgz#515cad5a35299cf4b4bc0afcbd69d52c809c84ce"
  integrity sha512-xwfl6wB/3xc553uwtGnSa94jFxnGOc02C0WU2Nmzwr80gzeqn1FX4VcbvoKIhe8L/lPq4BTQttAbrTN94uN8rA==
  dependencies:
    streamx "^2.12.4"

dht-rpc@^6.9.0:
  version "6.11.0"
  resolved "https://registry.yarnpkg.com/dht-rpc/-/dht-rpc-6.11.0.tgz#1cf097505f11976e0b383a031190a0c2132d7803"
  integrity sha512-Um55GXg7m66lKprxeCg81P+7zb2sfocb6ZK/xJvqkU3OWR7IBCkQ6PYDhyNGdDr/tUKzFe40QpBP77/PWDiMSA==
  dependencies:
    b4a "^1.6.1"
    compact-encoding "^2.11.0"
    compact-encoding-net "^1.2.0"
    events "^3.3.0"
    fast-fifo "^1.1.0"
    kademlia-routing-table "^1.0.1"
    nat-sampler "^1.0.1"
    sodium-universal "^4.0.0"
    streamx "^2.13.2"
    time-ordered-set "^1.0.2"
    udx-native "^1.5.3"

"dht@git+https://lab.cheetah.agency/omega/bitdht":
  version "6.11.2"
  resolved "git+https://lab.cheetah.agency/omega/bitdht#943513181438e3033349e161cab6891b08a7abcd"
  dependencies:
    "@hyperswarm/secret-stream" "^6.0.0"
    b4a "^1.3.1"
    blind-relay "^1.3.0"
    bogon "^1.0.0"
    compact-encoding "^2.4.1"
    compact-encoding-net "^1.0.1"
    debugging-stream "^2.0.0"
    dht-rpc "^6.9.0"
    events "^3.3.0"
    hypercore-crypto "^3.3.0"
    noise-curve-ed "^2.0.0"
    noise-handshake "^3.0.0"
    record-cache "^1.1.1"
    safety-catch "^1.0.1"
    signal-promise "^1.0.3"
    sodium-universal "^4.0.0"
    xache "^1.1.0"

events@^3.3.0:
  version "3.3.0"
  resolved "https://registry.yarnpkg.com/events/-/events-3.3.0.tgz#31a95ad0a924e2d2c419a813aeb2c4e878ea7400"
  integrity sha512-mQw+2fkQbALzQ7V0MY0IqdnXNOeTtP4r0lN9z7AAawCXgqea7bDii20AYrIBrFd/Hx0M2Ocz6S111CaFkUcb0Q==

fast-fifo@^1.1.0:
  version "1.3.2"
  resolved "https://registry.yarnpkg.com/fast-fifo/-/fast-fifo-1.3.2.tgz#286e31de96eb96d38a97899815740ba2a4f3640c"
  integrity sha512-/d9sfos4yxzpwkDkuN7k2SqFKtYNmCTzgfEpz82x34IM9/zc8KGxQoXg1liNC/izpRM/MBdt44Nmx41ZWqk+FQ==

graceful-goodbye@^1.2.1:
  version "1.3.0"
  resolved "https://registry.yarnpkg.com/graceful-goodbye/-/graceful-goodbye-1.3.0.tgz#b15e4755997683f92468d486809403b69b571447"
  integrity sha512-hcZOs20emYlTM7MmUE0FpuZcjlk2GPsR+UYTHDeWxtGjXcbh2CawGi8vlzqsIvspqAbot7mRv3sC/uhgtKc4hQ==
  dependencies:
    safety-catch "^1.0.2"

hypercore-crypto@^3.3.0, hypercore-crypto@^3.3.1:
  version "3.4.0"
  resolved "https://registry.yarnpkg.com/hypercore-crypto/-/hypercore-crypto-3.4.0.tgz#aff1893efc7b7ec5d1dfdc4270033fd94e18b96d"
  integrity sha512-0cZA1B58p1J84TDbTh8DMMIj7Qr7Rzz8NyGIo+ykUhdwD21gtjiiLWoME92QvN+lgbfu0Zfr9vwxT8sRmyg+AA==
  dependencies:
    b4a "^1.1.0"
    compact-encoding "^2.5.1"
    sodium-universal "^4.0.0"

kademlia-routing-table@^1.0.1:
  version "1.0.2"
  resolved "https://registry.yarnpkg.com/kademlia-routing-table/-/kademlia-routing-table-1.0.2.tgz#ccfd6021c3d96f7ac9a5f590412a8e2ec18cc2b0"
  integrity sha512-MctXbz+Ja8+ujMS/O/ATYP1liipX5c0J2gbDza4tKbnwy25PrtCmLdd/U/SI2fDWfhHvCghnJQQNrlPobLrX5A==

nanoassert@^2.0.0:
  version "2.0.0"
  resolved "https://registry.yarnpkg.com/nanoassert/-/nanoassert-2.0.0.tgz#a05f86de6c7a51618038a620f88878ed1e490c09"
  integrity sha512-7vO7n28+aYO4J+8w96AzhmU8G+Y/xpPDJz/se19ICsqj/momRbb9mh9ZUtkoJ5X3nTnPdhEJyc0qnM6yAsHBaA==

napi-macros@^2.0.0:
  version "2.2.2"
  resolved "https://registry.yarnpkg.com/napi-macros/-/napi-macros-2.2.2.tgz#817fef20c3e0e40a963fbf7b37d1600bd0201044"
  integrity sha512-hmEVtAGYzVQpCKdbQea4skABsdXW4RUh5t5mJ2zzqowJS2OyXZTU1KhDVFhx+NlWZ4ap9mqR9TcDO3LTTttd+g==

nat-sampler@^1.0.1:
  version "1.0.1"
  resolved "https://registry.yarnpkg.com/nat-sampler/-/nat-sampler-1.0.1.tgz#2b68338ea6d4c139450cd971fd00a4ac1b33d923"
  integrity sha512-yQvyNN7xbqR8crTKk3U8gRgpcV1Az+vfCEijiHu9oHHsnIl8n3x+yXNHl42M6L3czGynAVoOT9TqBfS87gDdcw==

node-gyp-build@^4.4.0, node-gyp-build@^4.6.0:
  version "4.8.0"
  resolved "https://registry.yarnpkg.com/node-gyp-build/-/node-gyp-build-4.8.0.tgz#3fee9c1731df4581a3f9ead74664369ff00d26dd"
  integrity sha512-u6fs2AEUljNho3EYTJNBfImO5QTo/J/1Etd+NVdCj7qWKUSN/bSLkZwhDv7I+w/MSC6qJ4cknepkAYykDdK8og==

noise-curve-ed@^2.0.0, noise-curve-ed@^2.0.1:
  version "2.0.1"
  resolved "https://registry.yarnpkg.com/noise-curve-ed/-/noise-curve-ed-2.0.1.tgz#c07adb2dde8dfaffb90aa95be9a522f5ed661e6d"
  integrity sha512-8HMZ40Wmarg8RQjVemLrjB49JSL6eGeOD+tlzaQW5/p+hNPfHFEMC3UZZ57zUqUprMuz6GN+gsPExpz2DWL+iA==
  dependencies:
    b4a "^1.1.0"
    nanoassert "^2.0.0"
    sodium-universal "^4.0.0"

noise-handshake@^3.0.0, noise-handshake@^3.0.2, noise-handshake@^3.0.3:
  version "3.1.0"
  resolved "https://registry.yarnpkg.com/noise-handshake/-/noise-handshake-3.1.0.tgz#8be14b58f4a956c2a6ab41ff8691c6242a4f5b82"
  integrity sha512-0S1qkUvMbTvZCfgr/vSkVT84YyvI4Q0OLwSc5BFxVmjaePrxAwVeXeJDY3A7N/7+qj95gZ15LaNoP9ZnBXH5Lw==
  dependencies:
    b4a "^1.1.0"
    nanoassert "^2.0.0"
    sodium-universal "^4.0.0"

protomux@^3.5.1:
  version "3.5.1"
  resolved "https://registry.yarnpkg.com/protomux/-/protomux-3.5.1.tgz#3cf1f140e5813c10abc106462209fd432c3d029d"
  integrity sha512-+ioDo9Cu5rTNQH9Or2UkXJRFPAZMzqr4gZFuyib8tTmy8YyZDCL2poP8dhc5JgJydTrj94jn1Dsp/C0ESpEtjQ==
  dependencies:
    b4a "^1.3.1"
    compact-encoding "^2.5.1"
    queue-tick "^1.0.0"
    safety-catch "^1.0.1"

queue-tick@^1.0.0, queue-tick@^1.0.1:
  version "1.0.1"
  resolved "https://registry.yarnpkg.com/queue-tick/-/queue-tick-1.0.1.tgz#f6f07ac82c1fd60f82e098b417a80e52f1f4c142"
  integrity sha512-kJt5qhMxoszgU/62PLP1CJytzd2NKetjSRnyuj31fDd3Rlcz3fzlFdFLD1SItunPwyqEOkca6GbV612BWfaBag==

record-cache@^1.1.1:
  version "1.2.0"
  resolved "https://registry.yarnpkg.com/record-cache/-/record-cache-1.2.0.tgz#e601bc4f164d58330cc00055e27aa4682291c882"
  integrity sha512-kyy3HWCez2WrotaL3O4fTn0rsIdfRKOdQQcEJ9KpvmKmbffKVvwsloX063EgRUlpJIXHiDQFhJcTbZequ2uTZw==
  dependencies:
    b4a "^1.3.1"

safety-catch@^1.0.1, safety-catch@^1.0.2:
  version "1.0.2"
  resolved "https://registry.yarnpkg.com/safety-catch/-/safety-catch-1.0.2.tgz#d64cbd57fd601da91c356b6ab8902f3e449a7a4b"
  integrity sha512-C1UYVZ4dtbBxEtvOcpjBaaD27nP8MlvyAQEp2fOTOEe6pfUpk1cDUxij6BR1jZup6rSyUTaBBplK7LanskrULA==

sha256-universal@^1.1.0:
  version "1.2.1"
  resolved "https://registry.yarnpkg.com/sha256-universal/-/sha256-universal-1.2.1.tgz#051d92decce280cd6137d42d496eac88da942c0e"
  integrity sha512-ghn3muhdn1ailCQqqceNxRgkOeZSVfSE13RQWEg6njB+itsFzGVSJv+O//2hvNXZuxVIRyNzrgsZ37SPDdGJJw==
  dependencies:
    b4a "^1.0.1"
    sha256-wasm "^2.2.1"

sha256-wasm@^2.2.1:
  version "2.2.2"
  resolved "https://registry.yarnpkg.com/sha256-wasm/-/sha256-wasm-2.2.2.tgz#4940b6c9ba28f3f08b700efce587ef36d4d516d4"
  integrity sha512-qKSGARvao+JQlFiA+sjJZhJ/61gmW/3aNLblB2rsgIxDlDxsJPHo8a1seXj12oKtuHVgJSJJ7QEGBUYQN741lQ==
  dependencies:
    b4a "^1.0.1"
    nanoassert "^2.0.0"

sha512-universal@^1.1.0:
  version "1.2.1"
  resolved "https://registry.yarnpkg.com/sha512-universal/-/sha512-universal-1.2.1.tgz#829505a7586530515cc1a10b78815c99722c4df0"
  integrity sha512-kehYuigMoRkIngCv7rhgruLJNNHDnitGTBdkcYbCbooL8Cidj/bS78MDxByIjcc69M915WxcQTgZetZ1JbeQTQ==
  dependencies:
    b4a "^1.0.1"
    sha512-wasm "^2.3.1"

sha512-wasm@^2.3.1:
  version "2.3.4"
  resolved "https://registry.yarnpkg.com/sha512-wasm/-/sha512-wasm-2.3.4.tgz#b86b37112ff6d1fc3740f2484a6855f17a6e1300"
  integrity sha512-akWoxJPGCB3aZCrZ+fm6VIFhJ/p8idBv7AWGFng/CZIrQo51oQNsvDbTSRXWAzIiZJvpy16oIDiCCPqTe21sKg==
  dependencies:
    b4a "^1.0.1"
    nanoassert "^2.0.0"

signal-promise@^1.0.3:
  version "1.0.3"
  resolved "https://registry.yarnpkg.com/signal-promise/-/signal-promise-1.0.3.tgz#3a6ae4591b7e5b926c06a85a92ceedacbbee858f"
  integrity sha512-WBgv0UnIq2C+Aeh0/n+IRpP6967eIx9WpynTUoiW3isPpfe1zu2LJzyfXdo9Tgef8yR/sGjcMvoUXD7EYdiz+g==

siphash24@^1.0.1:
  version "1.3.1"
  resolved "https://registry.yarnpkg.com/siphash24/-/siphash24-1.3.1.tgz#7f87fd2c5db88d8d46335a68f780f281641c8b22"
  integrity sha512-moemC3ZKiTzH29nbFo3Iw8fbemWWod4vNs/WgKbQ54oEs6mE6XVlguxvinYjB+UmaE0PThgyED9fUkWvirT8hA==
  dependencies:
    nanoassert "^2.0.0"

sodium-javascript@~0.8.0:
  version "0.8.0"
  resolved "https://registry.yarnpkg.com/sodium-javascript/-/sodium-javascript-0.8.0.tgz#0a94d7bb58ab17be82255f3949259af59778fdbc"
  integrity sha512-rEBzR5mPxPES+UjyMDvKPIXy9ImF17KOJ32nJNi9uIquWpS/nfj+h6m05J5yLJaGXjgM72LmQoUbWZVxh/rmGg==
  dependencies:
    blake2b "^2.1.1"
    chacha20-universal "^1.0.4"
    nanoassert "^2.0.0"
    sha256-universal "^1.1.0"
    sha512-universal "^1.1.0"
    siphash24 "^1.0.1"
    xsalsa20 "^1.0.0"

sodium-native@^4.0.0:
  version "4.0.6"
  resolved "https://registry.yarnpkg.com/sodium-native/-/sodium-native-4.0.6.tgz#6caf0d7fdcb14e3d5328ae3a634a22806918921f"
  integrity sha512-uYsyycwcz9kYDwpXxJmL2YZosynsxcP6RPySbARVJdC9uNDa2CMjzJ7/WsMMvThKgvAYsBWdZc7L/WSVj9lTcA==
  dependencies:
    node-gyp-build "^4.6.0"

sodium-secretstream@^1.1.0:
  version "1.1.0"
  resolved "https://registry.yarnpkg.com/sodium-secretstream/-/sodium-secretstream-1.1.0.tgz#25fec816cd9ae5e2d38d7511b88560debe39179a"
  integrity sha512-Qg7D2xomELDjDCWAmE4izk1aecG/il8pQIGmSWFaKgah/V58BVWG/PuSZF6vseTpcqnetIFGaOWzmPNzyTD50A==
  dependencies:
    b4a "^1.1.1"
    sodium-universal "^4.0.0"

sodium-universal@^4.0.0:
  version "4.0.0"
  resolved "https://registry.yarnpkg.com/sodium-universal/-/sodium-universal-4.0.0.tgz#0d7c81aee7a013e8a950f7bea8d8cfff369c2424"
  integrity sha512-iKHl8XnBV96k1c75gwwzANFdephw/MDWSjQAjPmBE+du0y3P23Q8uf7AcdcfFsYAMwLg7WVBfSAIBtV/JvRsjA==
  dependencies:
    blake2b "^2.1.1"
    chacha20-universal "^1.0.4"
    nanoassert "^2.0.0"
    sha256-universal "^1.1.0"
    sha512-universal "^1.1.0"
    siphash24 "^1.0.1"
    sodium-javascript "~0.8.0"
    sodium-native "^4.0.0"
    xsalsa20 "^1.0.0"

streamx@^2.11.3, streamx@^2.12.4, streamx@^2.13.2, streamx@^2.14.0, streamx@^2.15.1:
  version "2.15.7"
  resolved "https://registry.yarnpkg.com/streamx/-/streamx-2.15.7.tgz#a12fe09faa3fda2483e8044c406b72286994a138"
  integrity sha512-NPEKS5+yjyo597eafGbKW5ujh7Sm6lDLHZQd/lRSz6S0VarpADBJItqfB4PnwpS+472oob1GX5cCY9vzfJpHUA==
  dependencies:
    fast-fifo "^1.1.0"
    queue-tick "^1.0.1"

time-ordered-set@^1.0.2:
  version "1.0.2"
  resolved "https://registry.yarnpkg.com/time-ordered-set/-/time-ordered-set-1.0.2.tgz#3bd931fc048234147f8c2b8b1ebbebb0a3ecb96f"
  integrity sha512-vGO99JkxvgX+u+LtOKQEpYf31Kj3i/GNwVstfnh4dyINakMgeZCpew1e3Aj+06hEslhtHEd52g7m5IV+o1K8Mw==

timeout-refresh@^2.0.0, timeout-refresh@^2.0.1:
  version "2.0.1"
  resolved "https://registry.yarnpkg.com/timeout-refresh/-/timeout-refresh-2.0.1.tgz#f8ec7cf1f9d93b2635b7d4388cb820c5f6c16f98"
  integrity sha512-SVqEcMZBsZF9mA78rjzCrYrUs37LMJk3ShZ851ygZYW1cMeIjs9mL57KO6Iv5mmjSQnOe/29/VAfGXo+oRCiVw==

udx-native@^1.5.3:
  version "1.7.13"
  resolved "https://registry.yarnpkg.com/udx-native/-/udx-native-1.7.13.tgz#960deef5e615e71ed191342d2fe0c5df8a29ad14"
  integrity sha512-ATunXHtOC2vgYS5TQdoegm9mJiYb3kqOsHuKfppY4OC7MsX990EfdGsRy7XYdm5/8SnpWvr6BeB4Xgo/kDl+XQ==
  dependencies:
    b4a "^1.5.0"
    events "^3.3.0"
    napi-macros "^2.0.0"
    node-gyp-build "^4.4.0"
    streamx "^2.14.0"

ws@^8.12.1:
  version "8.16.0"
  resolved "https://registry.yarnpkg.com/ws/-/ws-8.16.0.tgz#d1cd774f36fbc07165066a60e40323eab6446fd4"
  integrity sha512-HS0c//TP7Ina87TfiPUz1rQzMhHrl/SG2guqRcTOIUYD2q8uhUdNHZYJUaQ8aTGPzCh+c6oawMKW35nFl1dxyQ==

xache@^1.1.0:
  version "1.2.0"
  resolved "https://registry.yarnpkg.com/xache/-/xache-1.2.0.tgz#c7239cbec9d8445c9d691feec804298d5ae5eae9"
  integrity sha512-AiWCGTrnsh//rrbJt8DLbDkDW8eLp1Ktkq0nTWzpE+FKCY35oeqLjtz+LNb4abMnjfTgL0ZBaSwzhgzan1ocEw==

xsalsa20@^1.0.0:
  version "1.2.0"
  resolved "https://registry.yarnpkg.com/xsalsa20/-/xsalsa20-1.2.0.tgz#e5a05cb26f8cef723f94a559102ed50c1b44c25c"
  integrity sha512-FIr/DEeoHfj7ftfylnoFt3rAIRoWXpx2AoDfrT2qD2wtp7Dp+COajvs/Icb7uHqRW9m60f5iXZwdsJJO3kvb7w==
